{
  "nodes": {
    "apple-silicon": {
      "inputs": {
        "flake-compat": "flake-compat",
        "nixpkgs": [
          "nixpkgs"
        ]
      },
      "locked": {
        "lastModified": 1777060609,
        "narHash": "sha256-TQhSD7eEwJr4nfDzf3am7cypGb1TYUSmMEhwoMkTb1I=",
        "owner": "nix-community",
        "repo": "nixos-apple-silicon",
        "rev": "e60109628c25ee80f04aed96785832f0e869e589",
        "type": "github"
      },
      "original": {
        "owner": "nix-community",
        "repo": "nixos-apple-silicon",
        "type": "github"
      }
    },
    "catppuccin": {
      "inputs": {
        "nixpkgs": "nixpkgs"
      },
      "locked": {
        "lastModified": 1777024856,
        "narHash": "sha256-OQ+yIcRMXo4UaHyX+W5DCgBvJ5dZo/3kFGWPJiuR6x8=",
        "owner": "catppuccin",
        "repo": "nix",
        "rev": "f41cc1cf13647e482b7317396f749840ef715e16",
        "type": "github"
      },
      "original": {
        "owner": "catppuccin",
        "repo": "nix",
        "type": "github"
      }
    },
    "flake-compat": {
      "locked": {
        "lastModified": 1761640442,
        "narHash": "sha256-AtrEP6Jmdvrqiv4x2xa5mrtaIp3OEe8uBYCDZDS+hu8=",
        "owner": "nix-community",
        "repo": "flake-compat",
        "rev": "4a56054d8ffc173222d09dad23adf4ba946c8884",
        "type": "github"
      },
      "original": {
        "owner": "nix-community",
        "repo": "flake-compat",
        "type": "github"
      }
    },
    "flake-parts": {
      "inputs": {
        "nixpkgs-lib": [
          "nixpkgs"
        ]
      },
      "locked": {
        "lastModified": 1775087534,
        "narHash": "sha256-91qqW8lhL7TLwgQWijoGBbiD4t7/q75KTi8NxjVmSmA=",
        "owner": "hercules-ci",
        "repo": "flake-parts",
        "rev": "3107b77cd68437b9a76194f0f7f9c55f2329ca5b",
        "type": "github"
      },
      "original": {
        "owner": "hercules-ci",
        "repo": "flake-parts",
        "type": "github"
      }
    },
    "home-manager": {
      "inputs": {
        "nixpkgs": [
          "nixpkgs"
        ]
      },
      "locked": {
        "lastModified": 1777236726,
        "narHash": "sha256-ZTYDofOM3/PJhRF1EuBh6uibm+DmkhU7Wor6mMN7YTc=",
        "owner": "nix-community",
        "repo": "home-manager",
        "rev": "e82d4a4ecd18363aa2054cbaa3e32e4134c3dbf4",
        "type": "github"
      },
      "original": {
        "owner": "nix-community",
        "repo": "home-manager",
        "type": "github"
      }
    },
    "import-tree": {
      "locked": {
        "lastModified": 1773693634,
        "narHash": "sha256-BtZ2dtkBdSUnFPPFc+n0kcMbgaTxzFNPv2iaO326Ffg=",
        "owner": "vic",
        "repo": "import-tree",
        "rev": "c41e7d58045f9057880b0d85e1152d6a4430dbf1",
        "type": "github"
      },
      "original": {
        "owner": "vic",
        "repo": "import-tree",
        "type": "github"
      }
    },
    "nixpkgs": {
      "locked": {
        "lastModified": 1776548001,
        "narHash": "sha256-ZSK0NL4a1BwVbbTBoSnWgbJy9HeZFXLYQizjb2DPF24=",
        "owner": "NixOS",
        "repo": "nixpkgs",
        "rev": "b12141ef619e0a9c1c84dc8c684040326f27cdcc",
        "type": "github"
      },
      "original": {
        "owner": "NixOS",
        "ref": "nixos-unstable",
        "repo": "nixpkgs",
        "type": "github"
      }
    },
    "nixpkgs_2": {
      "locked": {
        "lastModified": 1776877367,
        "narHash": "sha256-EHq1/OX139R1RvBzOJ0aMRT3xnWyqtHBRUBuO1gFzjI=",
        "owner": "NixOS",
        "repo": "nixpkgs",
        "rev": "0726a0ecb6d4e08f6adced58726b95db924cef57",
        "type": "github"
      },
      "original": {
        "owner": "NixOS",
        "ref": "nixos-unstable",
        "repo": "nixpkgs",
        "type": "github"
      }
    },
    "root": {
      "inputs": {
        "apple-silicon": "apple-silicon",
        "catppuccin": "catppuccin",
        "flake-parts": "flake-parts",
        "home-manager": "home-manager",
        "import-tree": "import-tree",
        "nixpkgs": "nixpkgs_2",
        "sublime-vinimum": "sublime-vinimum",
        "wrappers": "wrappers"
      }
    },
    "sublime-vinimum": {
      "flake": false,
      "locked": {
        "lastModified": 1702337374,
        "narHash": "sha256-iCtbiF0uaUBVe/b58PB2GiXErBdzEfGE4MV9tOweyto=",
        "owner": "Treeniks",
        "repo": "Vinimum",
        "rev": "0eef4174c1ed0eace64e350dc925183237ca0b71",
        "type": "github"
      },
      "original": {
        "owner": "Treeniks",
        "repo": "Vinimum",
        "type": "github"
      }
    },
    "wrappers": {
      "inputs": {
        "nixpkgs": [
          "nixpkgs"
        ]
      },
      "locked": {
        "lastModified": 1777158145,
        "narHash": "sha256-xYXjoA5+9aDu/A4Og/89JF8n41b7vca9av1ecyR6dgo=",
        "owner": "BirdeeHub",
        "repo": "nix-wrapper-modules",
        "rev": "fd6d1dc5fdfb1aa39c355f4da36773a972a35721",
        "type": "github"
      },
      "original": {
        "owner": "BirdeeHub",
        "repo": "nix-wrapper-modules",
        "type": "github"
      }
    }
  },
  "root": "root",
  "version": 7
}
