{
  "nodes": {
    "apple-silicon": {
      "inputs": {
        "flake-compat": "flake-compat",
        "nixpkgs": [
          "nixpkgs"
        ]
      },
      "locked": {
        "lastModified": 1767637567,
        "narHash": "sha256-njwPfL5gM/KRGLJ29CbQ4nLBoEkNPMvEHBAAPOP8BZc=",
        "owner": "nix-community",
        "repo": "nixos-apple-silicon",
        "rev": "530aa73aa9a21a078ff861b84767ae1d469715fa",
        "type": "github"
      },
      "original": {
        "owner": "nix-community",
        "repo": "nixos-apple-silicon",
        "type": "github"
      }
    },
    "catppuccin": {
      "inputs": {
        "nixpkgs": "nixpkgs"
      },
      "locked": {
        "lastModified": 1767750947,
        "narHash": "sha256-zqe9esphlAFu19TGL/nAyOHyOiR+Vu8M2IWWLg9cm4U=",
        "owner": "catppuccin",
        "repo": "nix",
        "rev": "e7135074fe2a3d17bee3c229b5a7d3da26f76ce8",
        "type": "github"
      },
      "original": {
        "owner": "catppuccin",
        "repo": "nix",
        "type": "github"
      }
    },
    "dotfiles": {
      "flake": false,
      "locked": {
        "lastModified": 1768106708,
        "narHash": "sha256-iMIFMLiVphRVuvk+8e/r9WEvYApdqH+bIi7fNc6Xk+A=",
        "owner": "Treeniks",
        "repo": "dotfiles",
        "rev": "3eae32d58ee8ba3c63bad7e6c32c44ffa010b794",
        "type": "github"
      },
      "original": {
        "owner": "Treeniks",
        "repo": "dotfiles",
        "type": "github"
      }
    },
    "flake-compat": {
      "locked": {
        "lastModified": 1746162366,
        "narHash": "sha256-5SSSZ/oQkwfcAz/o/6TlejlVGqeK08wyREBQ5qFFPhM=",
        "owner": "nix-community",
        "repo": "flake-compat",
        "rev": "0f158086a2ecdbb138cd0429410e44994f1b7e4b",
        "type": "github"
      },
      "original": {
        "owner": "nix-community",
        "repo": "flake-compat",
        "type": "github"
      }
    },
    "home-manager": {
      "inputs": {
        "nixpkgs": [
          "nixpkgs"
        ]
      },
      "locked": {
        "lastModified": 1767701618,
        "narHash": "sha256-EFQqoUvVDJ6RIDd3CaZRySxIedHFNMNq75HLmAkDMF0=",
        "owner": "nix-community",
        "repo": "home-manager",
        "rev": "9bfca5b3a7ce203343b05dca2c3823bcae0cf159",
        "type": "github"
      },
      "original": {
        "owner": "nix-community",
        "repo": "home-manager",
        "type": "github"
      }
    },
    "nixpkgs": {
      "locked": {
        "lastModified": 1767116409,
        "narHash": "sha256-5vKw92l1GyTnjoLzEagJy5V5mDFck72LiQWZSOnSicw=",
        "owner": "NixOS",
        "repo": "nixpkgs",
        "rev": "cad22e7d996aea55ecab064e84834289143e44a0",
        "type": "github"
      },
      "original": {
        "owner": "NixOS",
        "ref": "nixos-unstable",
        "repo": "nixpkgs",
        "type": "github"
      }
    },
    "nixpkgs_2": {
      "locked": {
        "lastModified": 1767379071,
        "narHash": "sha256-EgE0pxsrW9jp9YFMkHL9JMXxcqi/OoumPJYwf+Okucw=",
        "owner": "NixOS",
        "repo": "nixpkgs",
        "rev": "fb7944c166a3b630f177938e478f0378e64ce108",
        "type": "github"
      },
      "original": {
        "owner": "NixOS",
        "ref": "nixos-unstable",
        "repo": "nixpkgs",
        "type": "github"
      }
    },
    "root": {
      "inputs": {
        "apple-silicon": "apple-silicon",
        "catppuccin": "catppuccin",
        "dotfiles": "dotfiles",
        "home-manager": "home-manager",
        "nixpkgs": "nixpkgs_2",
        "sublime-vinimum": "sublime-vinimum"
      }
    },
    "sublime-vinimum": {
      "flake": false,
      "locked": {
        "lastModified": 1702337374,
        "narHash": "sha256-iCtbiF0uaUBVe/b58PB2GiXErBdzEfGE4MV9tOweyto=",
        "owner": "Treeniks",
        "repo": "Vinimum",
        "rev": "0eef4174c1ed0eace64e350dc925183237ca0b71",
        "type": "github"
      },
      "original": {
        "owner": "Treeniks",
        "repo": "Vinimum",
        "type": "github"
      }
    }
  },
  "root": "root",
  "version": 7
}
